
Microsoft Visual Studio Solution File, Format Version 12.00
# Visual Studio Version 17
VisualStudioVersion = 17.12.35707.178
MinimumVisualStudioVersion = 10.0.40219.1
Project("{FAE04EC0-301F-11D3-BF4B-00C04F79EFBC}") = "WarmUp", "WarmUp\WarmUp.csproj", "{A10D1055-79D3-4033-A4CC-1AD0AEFC05A8}"
EndProject
Global
	GlobalSection(SolutionConfigurationPlatforms) = preSolution
		Debug|Any CPU = Debug|Any CPU
		Release|Any CPU = Release|Any CPU
	EndGlobalSection
	GlobalSection(ProjectConfigurationPlatforms) = postSolution
		{A10D1055-79D3-4033-A4CC-1AD0AEFC05A8}.Debug|Any CPU.ActiveCfg = Release|Any CPU
		{A10D1055-79D3-4033-A4CC-1AD0AEFC05A8}.Debug|Any CPU.Build.0 = Release|Any CPU
		{A10D1055-79D3-4033-A4CC-1AD0AEFC05A8}.Release|Any CPU.ActiveCfg = Release|Any CPU
		{A10D1055-79D3-4033-A4CC-1AD0AEFC05A8}.Release|Any CPU.Build.0 = Release|Any CPU
	EndGlobalSection
	GlobalSection(SolutionProperties) = preSolution
		HideSolutionNode = FALSE
	EndGlobalSection
EndGlobal
